PODS:
  - Charts (3.5.0):
    - Charts/Core (= 3.5.0)
  - Charts/Core (3.5.0)
  - FSPagerView (0.8.3)
  - NVActivityIndicatorView (4.8.0):
    - NVActivityIndicatorView/Presenter (= 4.8.0)
  - NVActivityIndicatorView/Presenter (4.8.0)
  - RxCocoa (5.1.1):
    - RxRelay (~> 5)
    - RxSwift (~> 5)
  - RxRelay (5.1.1):
    - RxSwift (~> 5)
  - RxSwift (5.1.1)

DEPENDENCIES:
  - Charts
  - FSPagerView
  - NVActivityIndicatorView
  - RxCocoa
  - RxSwift

SPEC REPOS:
  trunk:
    - Charts
    - FSPagerView
    - NVActivityIndicatorView
    - RxCocoa
    - RxRelay
    - RxSwift

SPEC CHECKSUMS:
  Charts: 40a08591df1f8ad5c223ddedfb1a06da92f24f7c
  FSPagerView: 670405b2f18e2a87fa37f20b00de783e562c25a8
  NVActivityIndicatorView: d24b7ebcf80af5dcd994adb650e2b6c93379270f
  RxCocoa: 32065309a38d29b5b0db858819b5bf9ef038b601
  RxRelay: d77f7d771495f43c556cbc43eebd1bb54d01e8e9
  RxSwift: 81470a2074fa8780320ea5fe4102807cb7118178

PODFILE CHECKSUM: 4e6afcc83ecb5f46904e1b0174b634596fe6a3f8

COCOAPODS: 1.8.4
