// !$*UTF8*$!
{
	archiveVersion = 1;
	classes = {
	};
	objectVersion = 51;
	objects = {

/* Begin PBXBuildFile section */
		35633DD02483EA530053F5BA /* FastFoodViewController.swift in Sources */ = {isa = PBXBuildFile; fileRef = 35633DCF2483EA520053F5BA /* FastFoodViewController.swift */; };
		35633DD22483EA5D0053F5BA /* MealPlannerViewController.swift in Sources */ = {isa = PBXBuildFile; fileRef = 35633DD12483EA5D0053F5BA /* MealPlannerViewController.swift */; };
		35633DD42483EA640053F5BA /* RecipesViewController.swift in Sources */ = {isa = PBXBuildFile; fileRef = 35633DD32483EA640053F5BA /* RecipesViewController.swift */; };
		35633DD62483EA790053F5BA /* FastFoodViewController.storyboard in Resources */ = {isa = PBXBuildFile; fileRef = 35633DD52483EA790053F5BA /* FastFoodViewController.storyboard */; };
		35633DD82483EA820053F5BA /* MealPlannerViewController.storyboard in Resources */ = {isa = PBXBuildFile; fileRef = 35633DD72483EA820053F5BA /* MealPlannerViewController.storyboard */; };
		35633DDA2483EA8A0053F5BA /* RecipesViewController.storyboard in Resources */ = {isa = PBXBuildFile; fileRef = 35633DD92483EA8A0053F5BA /* RecipesViewController.storyboard */; };
		35633DDF2483F39C0053F5BA /* MealPlannerService.swift in Sources */ = {isa = PBXBuildFile; fileRef = 35633DDE2483F39C0053F5BA /* MealPlannerService.swift */; };
		35633DE12483F4DF0053F5BA /* MealPlannerModel.swift in Sources */ = {isa = PBXBuildFile; fileRef = 35633DE02483F4DF0053F5BA /* MealPlannerModel.swift */; };
		358C6FCD2484ECEC0029935A /* MealPlannerDetailViewController.swift in Sources */ = {isa = PBXBuildFile; fileRef = 358C6FCC2484ECEC0029935A /* MealPlannerDetailViewController.swift */; };
		358C6FCF2484ECF60029935A /* MealPlannerDetailViewController.storyboard in Resources */ = {isa = PBXBuildFile; fileRef = 358C6FCE2484ECF60029935A /* MealPlannerDetailViewController.storyboard */; };
		358C6FD12484EFCA0029935A /* MealPlannerDetailsViewModel.swift in Sources */ = {isa = PBXBuildFile; fileRef = 358C6FD02484EFCA0029935A /* MealPlannerDetailsViewModel.swift */; };
		35CB23FD2483F95100A9BA12 /* EndPoint.swift in Sources */ = {isa = PBXBuildFile; fileRef = 35CB23FC2483F95100A9BA12 /* EndPoint.swift */; };
		35CB24002483FDD400A9BA12 /* MealPlannerViewModel.swift in Sources */ = {isa = PBXBuildFile; fileRef = 35CB23FF2483FDD400A9BA12 /* MealPlannerViewModel.swift */; };
		35CB24022484017E00A9BA12 /* ApiKey.swift in Sources */ = {isa = PBXBuildFile; fileRef = 35CB24012484017E00A9BA12 /* ApiKey.swift */; };
		35FF745624828378001FB26C /* AppDelegate.swift in Sources */ = {isa = PBXBuildFile; fileRef = 35FF745524828378001FB26C /* AppDelegate.swift */; };
		35FF745824828378001FB26C /* SceneDelegate.swift in Sources */ = {isa = PBXBuildFile; fileRef = 35FF745724828378001FB26C /* SceneDelegate.swift */; };
		35FF745F2482837D001FB26C /* Assets.xcassets in Resources */ = {isa = PBXBuildFile; fileRef = 35FF745E2482837D001FB26C /* Assets.xcassets */; };
		35FF74622482837D001FB26C /* LaunchScreen.storyboard in Resources */ = {isa = PBXBuildFile; fileRef = 35FF74602482837D001FB26C /* LaunchScreen.storyboard */; };
		408950F4308AC98B3757B0E4 /* Pods_FoodPlanner.framework in Frameworks */ = {isa = PBXBuildFile; fileRef = 4721A06BBED64C222A28DD12 /* Pods_FoodPlanner.framework */; };
/* End PBXBuildFile section */

/* Begin PBXFileReference section */
		235B073F5B3B0DBC3C3D8768 /* Pods-FoodPlanner.debug.xcconfig */ = {isa = PBXFileReference; includeInIndex = 1; lastKnownFileType = text.xcconfig; name = "Pods-FoodPlanner.debug.xcconfig"; path = "Target Support Files/Pods-FoodPlanner/Pods-FoodPlanner.debug.xcconfig"; sourceTree = "<group>"; };
		35633DCF2483EA520053F5BA /* FastFoodViewController.swift */ = {isa = PBXFileReference; lastKnownFileType = sourcecode.swift; path = FastFoodViewController.swift; sourceTree = "<group>"; };
		35633DD12483EA5D0053F5BA /* MealPlannerViewController.swift */ = {isa = PBXFileReference; lastKnownFileType = sourcecode.swift; path = MealPlannerViewController.swift; sourceTree = "<group>"; };
		35633DD32483EA640053F5BA /* RecipesViewController.swift */ = {isa = PBXFileReference; lastKnownFileType = sourcecode.swift; path = RecipesViewController.swift; sourceTree = "<group>"; };
		35633DD52483EA790053F5BA /* FastFoodViewController.storyboard */ = {isa = PBXFileReference; lastKnownFileType = file.storyboard; path = FastFoodViewController.storyboard; sourceTree = "<group>"; };
		35633DD72483EA820053F5BA /* MealPlannerViewController.storyboard */ = {isa = PBXFileReference; lastKnownFileType = file.storyboard; path = MealPlannerViewController.storyboard; sourceTree = "<group>"; };
		35633DD92483EA8A0053F5BA /* RecipesViewController.storyboard */ = {isa = PBXFileReference; lastKnownFileType = file.storyboard; path = RecipesViewController.storyboard; sourceTree = "<group>"; };
		35633DDE2483F39C0053F5BA /* MealPlannerService.swift */ = {isa = PBXFileReference; lastKnownFileType = sourcecode.swift; path = MealPlannerService.swift; sourceTree = "<group>"; };
		35633DE02483F4DF0053F5BA /* MealPlannerModel.swift */ = {isa = PBXFileReference; lastKnownFileType = sourcecode.swift; path = MealPlannerModel.swift; sourceTree = "<group>"; };
		358C6FCC2484ECEC0029935A /* MealPlannerDetailViewController.swift */ = {isa = PBXFileReference; lastKnownFileType = sourcecode.swift; path = MealPlannerDetailViewController.swift; sourceTree = "<group>"; };
		358C6FCE2484ECF60029935A /* MealPlannerDetailViewController.storyboard */ = {isa = PBXFileReference; lastKnownFileType = file.storyboard; path = MealPlannerDetailViewController.storyboard; sourceTree = "<group>"; };
		358C6FD02484EFCA0029935A /* MealPlannerDetailsViewModel.swift */ = {isa = PBXFileReference; lastKnownFileType = sourcecode.swift; path = MealPlannerDetailsViewModel.swift; sourceTree = "<group>"; };
		35CB23FC2483F95100A9BA12 /* EndPoint.swift */ = {isa = PBXFileReference; lastKnownFileType = sourcecode.swift; path = EndPoint.swift; sourceTree = "<group>"; };
		35CB23FF2483FDD400A9BA12 /* MealPlannerViewModel.swift */ = {isa = PBXFileReference; lastKnownFileType = sourcecode.swift; path = MealPlannerViewModel.swift; sourceTree = "<group>"; };
		35CB24012484017E00A9BA12 /* ApiKey.swift */ = {isa = PBXFileReference; lastKnownFileType = sourcecode.swift; path = ApiKey.swift; sourceTree = "<group>"; };
		35FF745224828378001FB26C /* FoodPlanner.app */ = {isa = PBXFileReference; explicitFileType = wrapper.application; includeInIndex = 0; path = FoodPlanner.app; sourceTree = BUILT_PRODUCTS_DIR; };
		35FF745524828378001FB26C /* AppDelegate.swift */ = {isa = PBXFileReference; lastKnownFileType = sourcecode.swift; path = AppDelegate.swift; sourceTree = "<group>"; };
		35FF745724828378001FB26C /* SceneDelegate.swift */ = {isa = PBXFileReference; lastKnownFileType = sourcecode.swift; path = SceneDelegate.swift; sourceTree = "<group>"; };
		35FF745E2482837D001FB26C /* Assets.xcassets */ = {isa = PBXFileReference; lastKnownFileType = folder.assetcatalog; path = Assets.xcassets; sourceTree = "<group>"; };
		35FF74612482837D001FB26C /* Base */ = {isa = PBXFileReference; lastKnownFileType = file.storyboard; name = Base; path = Base.lproj/LaunchScreen.storyboard; sourceTree = "<group>"; };
		35FF74632482837D001FB26C /* Info.plist */ = {isa = PBXFileReference; lastKnownFileType = text.plist.xml; path = Info.plist; sourceTree = "<group>"; };
		4721A06BBED64C222A28DD12 /* Pods_FoodPlanner.framework */ = {isa = PBXFileReference; explicitFileType = wrapper.framework; includeInIndex = 0; path = Pods_FoodPlanner.framework; sourceTree = BUILT_PRODUCTS_DIR; };
		8E663ED841B3098FC198880A /* Pods-FoodPlanner.release.xcconfig */ = {isa = PBXFileReference; includeInIndex = 1; lastKnownFileType = text.xcconfig; name = "Pods-FoodPlanner.release.xcconfig"; path = "Target Support Files/Pods-FoodPlanner/Pods-FoodPlanner.release.xcconfig"; sourceTree = "<group>"; };
/* End PBXFileReference section */

/* Begin PBXFrameworksBuildPhase section */
		35FF744F24828378001FB26C /* Frameworks */ = {
			isa = PBXFrameworksBuildPhase;
			buildActionMask = 2147483647;
			files = (
				408950F4308AC98B3757B0E4 /* Pods_FoodPlanner.framework in Frameworks */,
			);
			runOnlyForDeploymentPostprocessing = 0;
		};
/* End PBXFrameworksBuildPhase section */

/* Begin PBXGroup section */
		35633DCA2483E8F70053F5BA /* AppDelegate */ = {
			isa = PBXGroup;
			children = (
				35FF745524828378001FB26C /* AppDelegate.swift */,
				35FF745724828378001FB26C /* SceneDelegate.swift */,
			);
			path = AppDelegate;
			sourceTree = "<group>";
		};
		35633DCB2483EA080053F5BA /* UserInterface */ = {
			isa = PBXGroup;
			children = (
				35633DCD2483EA1F0053F5BA /* FastFood */,
				35633DCE2483EA330053F5BA /* MealPlanner */,
				35633DCC2483EA120053F5BA /* Recipes */,
			);
			path = UserInterface;
			sourceTree = "<group>";
		};
		35633DCC2483EA120053F5BA /* Recipes */ = {
			isa = PBXGroup;
			children = (
				35633DD32483EA640053F5BA /* RecipesViewController.swift */,
				35633DD92483EA8A0053F5BA /* RecipesViewController.storyboard */,
			);
			path = Recipes;
			sourceTree = "<group>";
		};
		35633DCD2483EA1F0053F5BA /* FastFood */ = {
			isa = PBXGroup;
			children = (
				35633DCF2483EA520053F5BA /* FastFoodViewController.swift */,
				35633DD52483EA790053F5BA /* FastFoodViewController.storyboard */,
			);
			path = FastFood;
			sourceTree = "<group>";
		};
		35633DCE2483EA330053F5BA /* MealPlanner */ = {
			isa = PBXGroup;
			children = (
				35CB23FE2483FDC400A9BA12 /* ViewModel */,
				358C6FC92484ECA70029935A /* ViewControllers */,
			);
			path = MealPlanner;
			sourceTree = "<group>";
		};
		35633DDB2483F3530053F5BA /* Services */ = {
			isa = PBXGroup;
			children = (
				35633DDC2483F37A0053F5BA /* MealPlanner */,
				35CB23FC2483F95100A9BA12 /* EndPoint.swift */,
			);
			path = Services;
			sourceTree = "<group>";
		};
		35633DDC2483F37A0053F5BA /* MealPlanner */ = {
			isa = PBXGroup;
			children = (
				35633DDD2483F3850053F5BA /* Model */,
				35633DDE2483F39C0053F5BA /* MealPlannerService.swift */,
			);
			path = MealPlanner;
			sourceTree = "<group>";
		};
		35633DDD2483F3850053F5BA /* Model */ = {
			isa = PBXGroup;
			children = (
				35633DE02483F4DF0053F5BA /* MealPlannerModel.swift */,
			);
			path = Model;
			sourceTree = "<group>";
		};
		358C6FC92484ECA70029935A /* ViewControllers */ = {
			isa = PBXGroup;
			children = (
				358C6FCA2484ECB20029935A /* PagerView */,
				358C6FCB2484ECC10029935A /* MealDetail */,
			);
			path = ViewControllers;
			sourceTree = "<group>";
		};
		358C6FCA2484ECB20029935A /* PagerView */ = {
			isa = PBXGroup;
			children = (
				35633DD12483EA5D0053F5BA /* MealPlannerViewController.swift */,
				35633DD72483EA820053F5BA /* MealPlannerViewController.storyboard */,
			);
			path = PagerView;
			sourceTree = "<group>";
		};
		358C6FCB2484ECC10029935A /* MealDetail */ = {
			isa = PBXGroup;
			children = (
				358C6FCC2484ECEC0029935A /* MealPlannerDetailViewController.swift */,
				358C6FCE2484ECF60029935A /* MealPlannerDetailViewController.storyboard */,
			);
			path = MealDetail;
			sourceTree = "<group>";
		};
		35CB23FE2483FDC400A9BA12 /* ViewModel */ = {
			isa = PBXGroup;
			children = (
				35CB23FF2483FDD400A9BA12 /* MealPlannerViewModel.swift */,
				358C6FD02484EFCA0029935A /* MealPlannerDetailsViewModel.swift */,
			);
			path = ViewModel;
			sourceTree = "<group>";
		};
		35FF744924828378001FB26C = {
			isa = PBXGroup;
			children = (
				35FF745424828378001FB26C /* FoodPlanner */,
				35FF745324828378001FB26C /* Products */,
				C4E711C288FF756F1631D4EB /* Pods */,
				A84B6A40541F92E0F84C6196 /* Frameworks */,
			);
			sourceTree = "<group>";
		};
		35FF745324828378001FB26C /* Products */ = {
			isa = PBXGroup;
			children = (
				35FF745224828378001FB26C /* FoodPlanner.app */,
			);
			name = Products;
			sourceTree = "<group>";
		};
		35FF745424828378001FB26C /* FoodPlanner */ = {
			isa = PBXGroup;
			children = (
				35633DCA2483E8F70053F5BA /* AppDelegate */,
				35633DDB2483F3530053F5BA /* Services */,
				35633DCB2483EA080053F5BA /* UserInterface */,
				35FF7469248283AE001FB26C /* SupportingFiles */,
			);
			path = FoodPlanner;
			sourceTree = "<group>";
		};
		35FF7469248283AE001FB26C /* SupportingFiles */ = {
			isa = PBXGroup;
			children = (
				35FF745E2482837D001FB26C /* Assets.xcassets */,
				35FF74602482837D001FB26C /* LaunchScreen.storyboard */,
				35FF74632482837D001FB26C /* Info.plist */,
				35CB24012484017E00A9BA12 /* ApiKey.swift */,
			);
			path = SupportingFiles;
			sourceTree = "<group>";
		};
		A84B6A40541F92E0F84C6196 /* Frameworks */ = {
			isa = PBXGroup;
			children = (
				4721A06BBED64C222A28DD12 /* Pods_FoodPlanner.framework */,
			);
			name = Frameworks;
			sourceTree = "<group>";
		};
		C4E711C288FF756F1631D4EB /* Pods */ = {
			isa = PBXGroup;
			children = (
				235B073F5B3B0DBC3C3D8768 /* Pods-FoodPlanner.debug.xcconfig */,
				8E663ED841B3098FC198880A /* Pods-FoodPlanner.release.xcconfig */,
			);
			path = Pods;
			sourceTree = "<group>";
		};
/* End PBXGroup section */

/* Begin PBXNativeTarget section */
		35FF745124828378001FB26C /* FoodPlanner */ = {
			isa = PBXNativeTarget;
			buildConfigurationList = 35FF74662482837D001FB26C /* Build configuration list for PBXNativeTarget "FoodPlanner" */;
			buildPhases = (
				B4D553172768320CA2A447C7 /* [CP] Check Pods Manifest.lock */,
				35FF744E24828378001FB26C /* Sources */,
				35FF744F24828378001FB26C /* Frameworks */,
				35FF745024828378001FB26C /* Resources */,
				129030DD6CA8F2EC5BEF8351 /* [CP] Embed Pods Frameworks */,
			);
			buildRules = (
			);
			dependencies = (
			);
			name = FoodPlanner;
			productName = FoodPlanner;
			productReference = 35FF745224828378001FB26C /* FoodPlanner.app */;
			productType = "com.apple.product-type.application";
		};
/* End PBXNativeTarget section */

/* Begin PBXProject section */
		35FF744A24828378001FB26C /* Project object */ = {
			isa = PBXProject;
			attributes = {
				LastSwiftUpdateCheck = 1150;
				LastUpgradeCheck = 1150;
				ORGANIZATIONNAME = "Magyar Marci";
				TargetAttributes = {
					35FF745124828378001FB26C = {
						CreatedOnToolsVersion = 11.5;
					};
				};
			};
			buildConfigurationList = 35FF744D24828378001FB26C /* Build configuration list for PBXProject "FoodPlanner" */;
			compatibilityVersion = "Xcode 9.3";
			developmentRegion = en;
			hasScannedForEncodings = 0;
			knownRegions = (
				en,
				Base,
			);
			mainGroup = 35FF744924828378001FB26C;
			productRefGroup = 35FF745324828378001FB26C /* Products */;
			projectDirPath = "";
			projectRoot = "";
			targets = (
				35FF745124828378001FB26C /* FoodPlanner */,
			);
		};
/* End PBXProject section */

/* Begin PBXResourcesBuildPhase section */
		35FF745024828378001FB26C /* Resources */ = {
			isa = PBXResourcesBuildPhase;
			buildActionMask = 2147483647;
			files = (
				35633DD62483EA790053F5BA /* FastFoodViewController.storyboard in Resources */,
				35633DD82483EA820053F5BA /* MealPlannerViewController.storyboard in Resources */,
				35633DDA2483EA8A0053F5BA /* RecipesViewController.storyboard in Resources */,
				35FF74622482837D001FB26C /* LaunchScreen.storyboard in Resources */,
				358C6FCF2484ECF60029935A /* MealPlannerDetailViewController.storyboard in Resources */,
				35FF745F2482837D001FB26C /* Assets.xcassets in Resources */,
			);
			runOnlyForDeploymentPostprocessing = 0;
		};
/* End PBXResourcesBuildPhase section */

/* Begin PBXShellScriptBuildPhase section */
		129030DD6CA8F2EC5BEF8351 /* [CP] Embed Pods Frameworks */ = {
			isa = PBXShellScriptBuildPhase;
			buildActionMask = 2147483647;
			files = (
			);
			inputFileListPaths = (
				"${PODS_ROOT}/Target Support Files/Pods-FoodPlanner/Pods-FoodPlanner-frameworks-${CONFIGURATION}-input-files.xcfilelist",
			);
			name = "[CP] Embed Pods Frameworks";
			outputFileListPaths = (
				"${PODS_ROOT}/Target Support Files/Pods-FoodPlanner/Pods-FoodPlanner-frameworks-${CONFIGURATION}-output-files.xcfilelist",
			);
			runOnlyForDeploymentPostprocessing = 0;
			shellPath = /bin/sh;
			shellScript = "\"${PODS_ROOT}/Target Support Files/Pods-FoodPlanner/Pods-FoodPlanner-frameworks.sh\"\n";
			showEnvVarsInLog = 0;
		};
		B4D553172768320CA2A447C7 /* [CP] Check Pods Manifest.lock */ = {
			isa = PBXShellScriptBuildPhase;
			buildActionMask = 2147483647;
			files = (
			);
			inputFileListPaths = (
			);
			inputPaths = (
				"${PODS_PODFILE_DIR_PATH}/Podfile.lock",
				"${PODS_ROOT}/Manifest.lock",
			);
			name = "[CP] Check Pods Manifest.lock";
			outputFileListPaths = (
			);
			outputPaths = (
				"$(DERIVED_FILE_DIR)/Pods-FoodPlanner-checkManifestLockResult.txt",
			);
			runOnlyForDeploymentPostprocessing = 0;
			shellPath = /bin/sh;
			shellScript = "diff \"${PODS_PODFILE_DIR_PATH}/Podfile.lock\" \"${PODS_ROOT}/Manifest.lock\" > /dev/null\nif [ $? != 0 ] ; then\n    # print error to STDERR\n    echo \"error: The sandbox is not in sync with the Podfile.lock. Run 'pod install' or update your CocoaPods installation.\" >&2\n    exit 1\nfi\n# This output is used by Xcode 'outputs' to avoid re-running this script phase.\necho \"SUCCESS\" > \"${SCRIPT_OUTPUT_FILE_0}\"\n";
			showEnvVarsInLog = 0;
		};
/* End PBXShellScriptBuildPhase section */

/* Begin PBXSourcesBuildPhase section */
		35FF744E24828378001FB26C /* Sources */ = {
			isa = PBXSourcesBuildPhase;
			buildActionMask = 2147483647;
			files = (
				35CB24022484017E00A9BA12 /* ApiKey.swift in Sources */,
				35633DD22483EA5D0053F5BA /* MealPlannerViewController.swift in Sources */,
				35CB24002483FDD400A9BA12 /* MealPlannerViewModel.swift in Sources */,
				35633DDF2483F39C0053F5BA /* MealPlannerService.swift in Sources */,
				35CB23FD2483F95100A9BA12 /* EndPoint.swift in Sources */,
				35FF745624828378001FB26C /* AppDelegate.swift in Sources */,
				358C6FCD2484ECEC0029935A /* MealPlannerDetailViewController.swift in Sources */,
				35633DD02483EA530053F5BA /* FastFoodViewController.swift in Sources */,
				35633DE12483F4DF0053F5BA /* MealPlannerModel.swift in Sources */,
				35633DD42483EA640053F5BA /* RecipesViewController.swift in Sources */,
				35FF745824828378001FB26C /* SceneDelegate.swift in Sources */,
				358C6FD12484EFCA0029935A /* MealPlannerDetailsViewModel.swift in Sources */,
			);
			runOnlyForDeploymentPostprocessing = 0;
		};
/* End PBXSourcesBuildPhase section */

/* Begin PBXVariantGroup section */
		35FF74602482837D001FB26C /* LaunchScreen.storyboard */ = {
			isa = PBXVariantGroup;
			children = (
				35FF74612482837D001FB26C /* Base */,
			);
			name = LaunchScreen.storyboard;
			sourceTree = "<group>";
		};
/* End PBXVariantGroup section */

/* Begin XCBuildConfiguration section */
		35FF74642482837D001FB26C /* Debug */ = {
			isa = XCBuildConfiguration;
			buildSettings = {
				ALWAYS_SEARCH_USER_PATHS = NO;
				CLANG_ANALYZER_NONNULL = YES;
				CLANG_ANALYZER_NUMBER_OBJECT_CONVERSION = YES_AGGRESSIVE;
				CLANG_CXX_LANGUAGE_STANDARD = "gnu++14";
				CLANG_CXX_LIBRARY = "libc++";
				CLANG_ENABLE_MODULES = YES;
				CLANG_ENABLE_OBJC_ARC = YES;
				CLANG_ENABLE_OBJC_WEAK = YES;
				CLANG_WARN_BLOCK_CAPTURE_AUTORELEASING = YES;
				CLANG_WARN_BOOL_CONVERSION = YES;
				CLANG_WARN_COMMA = YES;
				CLANG_WARN_CONSTANT_CONVERSION = YES;
				CLANG_WARN_DEPRECATED_OBJC_IMPLEMENTATIONS = YES;
				CLANG_WARN_DIRECT_OBJC_ISA_USAGE = YES_ERROR;
				CLANG_WARN_DOCUMENTATION_COMMENTS = YES;
				CLANG_WARN_EMPTY_BODY = YES;
				CLANG_WARN_ENUM_CONVERSION = YES;
				CLANG_WARN_INFINITE_RECURSION = YES;
				CLANG_WARN_INT_CONVERSION = YES;
				CLANG_WARN_NON_LITERAL_NULL_CONVERSION = YES;
				CLANG_WARN_OBJC_IMPLICIT_RETAIN_SELF = YES;
				CLANG_WARN_OBJC_LITERAL_CONVERSION = YES;
				CLANG_WARN_OBJC_ROOT_CLASS = YES_ERROR;
				CLANG_WARN_RANGE_LOOP_ANALYSIS = YES;
				CLANG_WARN_STRICT_PROTOTYPES = YES;
				CLANG_WARN_SUSPICIOUS_MOVE = YES;
				CLANG_WARN_UNGUARDED_AVAILABILITY = YES_AGGRESSIVE;
				CLANG_WARN_UNREACHABLE_CODE = YES;
				CLANG_WARN__DUPLICATE_METHOD_MATCH = YES;
				COPY_PHASE_STRIP = NO;
				DEBUG_INFORMATION_FORMAT = dwarf;
				ENABLE_STRICT_OBJC_MSGSEND = YES;
				ENABLE_TESTABILITY = YES;
				GCC_C_LANGUAGE_STANDARD = gnu11;
				GCC_DYNAMIC_NO_PIC = NO;
				GCC_NO_COMMON_BLOCKS = YES;
				GCC_OPTIMIZATION_LEVEL = 0;
				GCC_PREPROCESSOR_DEFINITIONS = (
					"DEBUG=1",
					"$(inherited)",
				);
				GCC_WARN_64_TO_32_BIT_CONVERSION = YES;
				GCC_WARN_ABOUT_RETURN_TYPE = YES_ERROR;
				GCC_WARN_UNDECLARED_SELECTOR = YES;
				GCC_WARN_UNINITIALIZED_AUTOS = YES_AGGRESSIVE;
				GCC_WARN_UNUSED_FUNCTION = YES;
				GCC_WARN_UNUSED_VARIABLE = YES;
				IPHONEOS_DEPLOYMENT_TARGET = 13.5;
				MTL_ENABLE_DEBUG_INFO = INCLUDE_SOURCE;
				MTL_FAST_MATH = YES;
				ONLY_ACTIVE_ARCH = YES;
				SDKROOT = iphoneos;
				SWIFT_ACTIVE_COMPILATION_CONDITIONS = DEBUG;
				SWIFT_OPTIMIZATION_LEVEL = "-Onone";
			};
			name = Debug;
		};
		35FF74652482837D001FB26C /* Release */ = {
			isa = XCBuildConfiguration;
			buildSettings = {
				ALWAYS_SEARCH_USER_PATHS = NO;
				CLANG_ANALYZER_NONNULL = YES;
				CLANG_ANALYZER_NUMBER_OBJECT_CONVERSION = YES_AGGRESSIVE;
				CLANG_CXX_LANGUAGE_STANDARD = "gnu++14";
				CLANG_CXX_LIBRARY = "libc++";
				CLANG_ENABLE_MODULES = YES;
				CLANG_ENABLE_OBJC_ARC = YES;
				CLANG_ENABLE_OBJC_WEAK = YES;
				CLANG_WARN_BLOCK_CAPTURE_AUTORELEASING = YES;
				CLANG_WARN_BOOL_CONVERSION = YES;
				CLANG_WARN_COMMA = YES;
				CLANG_WARN_CONSTANT_CONVERSION = YES;
				CLANG_WARN_DEPRECATED_OBJC_IMPLEMENTATIONS = YES;
				CLANG_WARN_DIRECT_OBJC_ISA_USAGE = YES_ERROR;
				CLANG_WARN_DOCUMENTATION_COMMENTS = YES;
				CLANG_WARN_EMPTY_BODY = YES;
				CLANG_WARN_ENUM_CONVERSION = YES;
				CLANG_WARN_INFINITE_RECURSION = YES;
				CLANG_WARN_INT_CONVERSION = YES;
				CLANG_WARN_NON_LITERAL_NULL_CONVERSION = YES;
				CLANG_WARN_OBJC_IMPLICIT_RETAIN_SELF = YES;
				CLANG_WARN_OBJC_LITERAL_CONVERSION = YES;
				CLANG_WARN_OBJC_ROOT_CLASS = YES_ERROR;
				CLANG_WARN_RANGE_LOOP_ANALYSIS = YES;
				CLANG_WARN_STRICT_PROTOTYPES = YES;
				CLANG_WARN_SUSPICIOUS_MOVE = YES;
				CLANG_WARN_UNGUARDED_AVAILABILITY = YES_AGGRESSIVE;
				CLANG_WARN_UNREACHABLE_CODE = YES;
				CLANG_WARN__DUPLICATE_METHOD_MATCH = YES;
				COPY_PHASE_STRIP = NO;
				DEBUG_INFORMATION_FORMAT = "dwarf-with-dsym";
				ENABLE_NS_ASSERTIONS = NO;
				ENABLE_STRICT_OBJC_MSGSEND = YES;
				GCC_C_LANGUAGE_STANDARD = gnu11;
				GCC_NO_COMMON_BLOCKS = YES;
				GCC_WARN_64_TO_32_BIT_CONVERSION = YES;
				GCC_WARN_ABOUT_RETURN_TYPE = YES_ERROR;
				GCC_WARN_UNDECLARED_SELECTOR = YES;
				GCC_WARN_UNINITIALIZED_AUTOS = YES_AGGRESSIVE;
				GCC_WARN_UNUSED_FUNCTION = YES;
				GCC_WARN_UNUSED_VARIABLE = YES;
				IPHONEOS_DEPLOYMENT_TARGET = 13.5;
				MTL_ENABLE_DEBUG_INFO = NO;
				MTL_FAST_MATH = YES;
				SDKROOT = iphoneos;
				SWIFT_COMPILATION_MODE = wholemodule;
				SWIFT_OPTIMIZATION_LEVEL = "-O";
				VALIDATE_PRODUCT = YES;
			};
			name = Release;
		};
		35FF74672482837D001FB26C /* Debug */ = {
			isa = XCBuildConfiguration;
			baseConfigurationReference = 235B073F5B3B0DBC3C3D8768 /* Pods-FoodPlanner.debug.xcconfig */;
			buildSettings = {
				ASSETCATALOG_COMPILER_APPICON_NAME = AppIcon;
				CODE_SIGN_STYLE = Automatic;
				DEVELOPMENT_TEAM = 4733CLVUX5;
				INFOPLIST_FILE = FoodPlanner/SupportingFiles/Info.plist;
				IPHONEOS_DEPLOYMENT_TARGET = 13.0;
				LD_RUNPATH_SEARCH_PATHS = (
					"$(inherited)",
					"@executable_path/Frameworks",
				);
				PRODUCT_BUNDLE_IDENTIFIER = MagyarMarci.FoodPlanner;
				PRODUCT_NAME = "$(TARGET_NAME)";
				SWIFT_VERSION = 5.0;
				TARGETED_DEVICE_FAMILY = "1,2";
			};
			name = Debug;
		};
		35FF74682482837D001FB26C /* Release */ = {
			isa = XCBuildConfiguration;
			baseConfigurationReference = 8E663ED841B3098FC198880A /* Pods-FoodPlanner.release.xcconfig */;
			buildSettings = {
				ASSETCATALOG_COMPILER_APPICON_NAME = AppIcon;
				CODE_SIGN_STYLE = Automatic;
				DEVELOPMENT_TEAM = 4733CLVUX5;
				INFOPLIST_FILE = FoodPlanner/SupportingFiles/Info.plist;
				IPHONEOS_DEPLOYMENT_TARGET = 13.0;
				LD_RUNPATH_SEARCH_PATHS = (
					"$(inherited)",
					"@executable_path/Frameworks",
				);
				PRODUCT_BUNDLE_IDENTIFIER = MagyarMarci.FoodPlanner;
				PRODUCT_NAME = "$(TARGET_NAME)";
				SWIFT_VERSION = 5.0;
				TARGETED_DEVICE_FAMILY = "1,2";
			};
			name = Release;
		};
/* End XCBuildConfiguration section */

/* Begin XCConfigurationList section */
		35FF744D24828378001FB26C /* Build configuration list for PBXProject "FoodPlanner" */ = {
			isa = XCConfigurationList;
			buildConfigurations = (
				35FF74642482837D001FB26C /* Debug */,
				35FF74652482837D001FB26C /* Release */,
			);
			defaultConfigurationIsVisible = 0;
			defaultConfigurationName = Release;
		};
		35FF74662482837D001FB26C /* Build configuration list for PBXNativeTarget "FoodPlanner" */ = {
			isa = XCConfigurationList;
			buildConfigurations = (
				35FF74672482837D001FB26C /* Debug */,
				35FF74682482837D001FB26C /* Release */,
			);
			defaultConfigurationIsVisible = 0;
			defaultConfigurationName = Release;
		};
/* End XCConfigurationList section */
	};
	rootObject = 35FF744A24828378001FB26C /* Project object */;
}
